// !$*UTF8*$!
{
	archiveVersion = 1;
	classes = {
	};
	objectVersion = 50;
	objects = {

/* Begin PBXBuildFile section */
		123C71FB23D31F8400420C92 /* AppDelegate.swift in Sources */ = {isa = PBXBuildFile; fileRef = 123C71FA23D31F8400420C92 /* AppDelegate.swift */; };
		123C71FD23D31F8400420C92 /* SceneDelegate.swift in Sources */ = {isa = PBXBuildFile; fileRef = 123C71FC23D31F8400420C92 /* SceneDelegate.swift */; };
		123C71FF23D31F8400420C92 /* ViewController.swift in Sources */ = {isa = PBXBuildFile; fileRef = 123C71FE23D31F8400420C92 /* ViewController.swift */; };
		123C720223D31F8400420C92 /* Main.storyboard in Resources */ = {isa = PBXBuildFile; fileRef = 123C720023D31F8400420C92 /* Main.storyboard */; };
		123C720523D31F8400420C92 /* teste_acc.xcdatamodeld in Sources */ = {isa = PBXBuildFile; fileRef = 123C720323D31F8400420C92 /* teste_acc.xcdatamodeld */; };
		123C720723D31F8600420C92 /* Assets.xcassets in Resources */ = {isa = PBXBuildFile; fileRef = 123C720623D31F8600420C92 /* Assets.xcassets */; };
		123C720A23D31F8600420C92 /* LaunchScreen.storyboard in Resources */ = {isa = PBXBuildFile; fileRef = 123C720823D31F8600420C92 /* LaunchScreen.storyboard */; };
/* End PBXBuildFile section */

/* Begin PBXFileReference section */
		123C71F723D31F8300420C92 /* teste_acc.app */ = {isa = PBXFileReference; explicitFileType = wrapper.application; includeInIndex = 0; path = teste_acc.app; sourceTree = BUILT_PRODUCTS_DIR; };
		123C71FA23D31F8400420C92 /* AppDelegate.swift */ = {isa = PBXFileReference; lastKnownFileType = sourcecode.swift; path = AppDelegate.swift; sourceTree = "<group>"; };
		123C71FC23D31F8400420C92 /* SceneDelegate.swift */ = {isa = PBXFileReference; lastKnownFileType = sourcecode.swift; path = SceneDelegate.swift; sourceTree = "<group>"; };
		123C71FE23D31F8400420C92 /* ViewController.swift */ = {isa = PBXFileReference; lastKnownFileType = sourcecode.swift; path = ViewController.swift; sourceTree = "<group>"; };
		123C720123D31F8400420C92 /* Base */ = {isa = PBXFileReference; lastKnownFileType = file.storyboard; name = Base; path = Base.lproj/Main.storyboard; sourceTree = "<group>"; };
		123C720423D31F8400420C92 /* teste_acc.xcdatamodel */ = {isa = PBXFileReference; lastKnownFileType = wrapper.xcdatamodel; path = teste_acc.xcdatamodel; sourceTree = "<group>"; };
		123C720623D31F8600420C92 /* Assets.xcassets */ = {isa = PBXFileReference; lastKnownFileType = folder.assetcatalog; path = Assets.xcassets; sourceTree = "<group>"; };
		123C720923D31F8600420C92 /* Base */ = {isa = PBXFileReference; lastKnownFileType = file.storyboard; name = Base; path = Base.lproj/LaunchScreen.storyboard; sourceTree = "<group>"; };
		123C720B23D31F8600420C92 /* Info.plist */ = {isa = PBXFileReference; lastKnownFileType = text.plist.xml; path = Info.plist; sourceTree = "<group>"; };
/* End PBXFileReference section */

/* Begin PBXFrameworksBuildPhase section */
		123C71F423D31F8300420C92 /* Frameworks */ = {
			isa = PBXFrameworksBuildPhase;
			buildActionMask = 2147483647;
			files = (
			);
			runOnlyForDeploymentPostprocessing = 0;
		};
/* End PBXFrameworksBuildPhase section */

/* Begin PBXGroup section */
		123C71EE23D31F8300420C92 = {
			isa = PBXGroup;
			children = (
				123C71F923D31F8300420C92 /* teste_acc */,
				123C71F823D31F8300420C92 /* Products */,
			);
			sourceTree = "<group>";
		};
		123C71F823D31F8300420C92 /* Products */ = {
			isa = PBXGroup;
			children = (
				123C71F723D31F8300420C92 /* teste_acc.app */,
			);
			name = Products;
			sourceTree = "<group>";
		};
		123C71F923D31F8300420C92 /* teste_acc */ = {
			isa = PBXGroup;
			children = (
				123C71FA23D31F8400420C92 /* AppDelegate.swift */,
				123C71FC23D31F8400420C92 /* SceneDelegate.swift */,
				123C71FE23D31F8400420C92 /* ViewController.swift */,
				123C720023D31F8400420C92 /* Main.storyboard */,
				123C720623D31F8600420C92 /* Assets.xcassets */,
				123C720823D31F8600420C92 /* LaunchScreen.storyboard */,
				123C720B23D31F8600420C92 /* Info.plist */,
				123C720323D31F8400420C92 /* teste_acc.xcdatamodeld */,
			);
			path = teste_acc;
			sourceTree = "<group>";
		};
/* End PBXGroup section */

/* Begin PBXNativeTarget section */
		123C71F623D31F8300420C92 /* teste_acc */ = {
			isa = PBXNativeTarget;
			buildConfigurationList = 123C720E23D31F8600420C92 /* Build configuration list for PBXNativeTarget "teste_acc" */;
			buildPhases = (
				123C71F323D31F8300420C92 /* Sources */,
				123C71F423D31F8300420C92 /* Frameworks */,
				123C71F523D31F8300420C92 /* Resources */,
			);
			buildRules = (
			);
			dependencies = (
			);
			name = teste_acc;
			productName = teste_acc;
			productReference = 123C71F723D31F8300420C92 /* teste_acc.app */;
			productType = "com.apple.product-type.application";
		};
/* End PBXNativeTarget section */

/* Begin PBXProject section */
		123C71EF23D31F8300420C92 /* Project object */ = {
			isa = PBXProject;
			attributes = {
				LastSwiftUpdateCheck = 1130;
				LastUpgradeCheck = 1130;
				ORGANIZATIONNAME = "Alexandra Lopes";
				TargetAttributes = {
					123C71F623D31F8300420C92 = {
						CreatedOnToolsVersion = 11.3;
					};
				};
			};
			buildConfigurationList = 123C71F223D31F8300420C92 /* Build configuration list for PBXProject "teste_acc" */;
			compatibilityVersion = "Xcode 9.3";
			developmentRegion = en;
			hasScannedForEncodings = 0;
			knownRegions = (
				en,
				Base,
			);
			mainGroup = 123C71EE23D31F8300420C92;
			productRefGroup = 123C71F823D31F8300420C92 /* Products */;
			projectDirPath = "";
			projectRoot = "";
			targets = (
				123C71F623D31F8300420C92 /* teste_acc */,
			);
		};
/* End PBXProject section */

/* Begin PBXResourcesBuildPhase section */
		123C71F523D31F8300420C92 /* Resources */ = {
			isa = PBXResourcesBuildPhase;
			buildActionMask = 2147483647;
			files = (
				123C720A23D31F8600420C92 /* LaunchScreen.storyboard in Resources */,
				123C720723D31F8600420C92 /* Assets.xcassets in Resources */,
				123C720223D31F8400420C92 /* Main.storyboard in Resources */,
			);
			runOnlyForDeploymentPostprocessing = 0;
		};
/* End PBXResourcesBuildPhase section */

/* Begin PBXSourcesBuildPhase section */
		123C71F323D31F8300420C92 /* Sources */ = {
			isa = PBXSourcesBuildPhase;
			buildActionMask = 2147483647;
			files = (
				123C71FF23D31F8400420C92 /* ViewController.swift in Sources */,
				123C720523D31F8400420C92 /* teste_acc.xcdatamodeld in Sources */,
				123C71FB23D31F8400420C92 /* AppDelegate.swift in Sources */,
				123C71FD23D31F8400420C92 /* SceneDelegate.swift in Sources */,
			);
			runOnlyForDeploymentPostprocessing = 0;
		};
/* End PBXSourcesBuildPhase section */

/* Begin PBXVariantGroup section */
		123C720023D31F8400420C92 /* Main.storyboard */ = {
			isa = PBXVariantGroup;
			children = (
				123C720123D31F8400420C92 /* Base */,
			);
			name = Main.storyboard;
			sourceTree = "<group>";
		};
		123C720823D31F8600420C92 /* LaunchScreen.storyboard */ = {
			isa = PBXVariantGroup;
			children = (
				123C720923D31F8600420C92 /* Base */,
			);
			name = LaunchScreen.storyboard;
			sourceTree = "<group>";
		};
/* End PBXVariantGroup section */

/* Begin XCBuildConfiguration section */
		123C720C23D31F8600420C92 /* Debug */ = {
			isa = XCBuildConfiguration;
			buildSettings = {
				ALWAYS_SEARCH_USER_PATHS = NO;
				CLANG_ANALYZER_NONNULL = YES;
				CLANG_ANALYZER_NUMBER_OBJECT_CONVERSION = YES_AGGRESSIVE;
				CLANG_CXX_LANGUAGE_STANDARD = "gnu++14";
				CLANG_CXX_LIBRARY = "libc++";
				CLANG_ENABLE_MODULES = YES;
				CLANG_ENABLE_OBJC_ARC = YES;
				CLANG_ENABLE_OBJC_WEAK = YES;
				CLANG_WARN_BLOCK_CAPTURE_AUTORELEASING = YES;
				CLANG_WARN_BOOL_CONVERSION = YES;
				CLANG_WARN_COMMA = YES;
				CLANG_WARN_CONSTANT_CONVERSION = YES;
				CLANG_WARN_DEPRECATED_OBJC_IMPLEMENTATIONS = YES;
				CLANG_WARN_DIRECT_OBJC_ISA_USAGE = YES_ERROR;
				CLANG_WARN_DOCUMENTATION_COMMENTS = YES;
				CLANG_WARN_EMPTY_BODY = YES;
				CLANG_WARN_ENUM_CONVERSION = YES;
				CLANG_WARN_INFINITE_RECURSION = YES;
				CLANG_WARN_INT_CONVERSION = YES;
				CLANG_WARN_NON_LITERAL_NULL_CONVERSION = YES;
				CLANG_WARN_OBJC_IMPLICIT_RETAIN_SELF = YES;
				CLANG_WARN_OBJC_LITERAL_CONVERSION = YES;
				CLANG_WARN_OBJC_ROOT_CLASS = YES_ERROR;
				CLANG_WARN_RANGE_LOOP_ANALYSIS = YES;
				CLANG_WARN_STRICT_PROTOTYPES = YES;
				CLANG_WARN_SUSPICIOUS_MOVE = YES;
				CLANG_WARN_UNGUARDED_AVAILABILITY = YES_AGGRESSIVE;
				CLANG_WARN_UNREACHABLE_CODE = YES;
				CLANG_WARN__DUPLICATE_METHOD_MATCH = YES;
				COPY_PHASE_STRIP = NO;
				DEBUG_INFORMATION_FORMAT = dwarf;
				ENABLE_STRICT_OBJC_MSGSEND = YES;
				ENABLE_TESTABILITY = YES;
				GCC_C_LANGUAGE_STANDARD = gnu11;
				GCC_DYNAMIC_NO_PIC = NO;
				GCC_NO_COMMON_BLOCKS = YES;
				GCC_OPTIMIZATION_LEVEL = 0;
				GCC_PREPROCESSOR_DEFINITIONS = (
					"DEBUG=1",
					"$(inherited)",
				);
				GCC_WARN_64_TO_32_BIT_CONVERSION = YES;
				GCC_WARN_ABOUT_RETURN_TYPE = YES_ERROR;
				GCC_WARN_UNDECLARED_SELECTOR = YES;
				GCC_WARN_UNINITIALIZED_AUTOS = YES_AGGRESSIVE;
				GCC_WARN_UNUSED_FUNCTION = YES;
				GCC_WARN_UNUSED_VARIABLE = YES;
				IPHONEOS_DEPLOYMENT_TARGET = 13.2;
				MTL_ENABLE_DEBUG_INFO = INCLUDE_SOURCE;
				MTL_FAST_MATH = YES;
				ONLY_ACTIVE_ARCH = YES;
				SDKROOT = iphoneos;
				SWIFT_ACTIVE_COMPILATION_CONDITIONS = DEBUG;
				SWIFT_OPTIMIZATION_LEVEL = "-Onone";
			};
			name = Debug;
		};
		123C720D23D31F8600420C92 /* Release */ = {
			isa = XCBuildConfiguration;
			buildSettings = {
				ALWAYS_SEARCH_USER_PATHS = NO;
				CLANG_ANALYZER_NONNULL = YES;
				CLANG_ANALYZER_NUMBER_OBJECT_CONVERSION = YES_AGGRESSIVE;
				CLANG_CXX_LANGUAGE_STANDARD = "gnu++14";
				CLANG_CXX_LIBRARY = "libc++";
				CLANG_ENABLE_MODULES = YES;
				CLANG_ENABLE_OBJC_ARC = YES;
				CLANG_ENABLE_OBJC_WEAK = YES;
				CLANG_WARN_BLOCK_CAPTURE_AUTORELEASING = YES;
				CLANG_WARN_BOOL_CONVERSION = YES;
				CLANG_WARN_COMMA = YES;
				CLANG_WARN_CONSTANT_CONVERSION = YES;
				CLANG_WARN_DEPRECATED_OBJC_IMPLEMENTATIONS = YES;
				CLANG_WARN_DIRECT_OBJC_ISA_USAGE = YES_ERROR;
				CLANG_WARN_DOCUMENTATION_COMMENTS = YES;
				CLANG_WARN_EMPTY_BODY = YES;
				CLANG_WARN_ENUM_CONVERSION = YES;
				CLANG_WARN_INFINITE_RECURSION = YES;
				CLANG_WARN_INT_CONVERSION = YES;
				CLANG_WARN_NON_LITERAL_NULL_CONVERSION = YES;
				CLANG_WARN_OBJC_IMPLICIT_RETAIN_SELF = YES;
				CLANG_WARN_OBJC_LITERAL_CONVERSION = YES;
				CLANG_WARN_OBJC_ROOT_CLASS = YES_ERROR;
				CLANG_WARN_RANGE_LOOP_ANALYSIS = YES;
				CLANG_WARN_STRICT_PROTOTYPES = YES;
				CLANG_WARN_SUSPICIOUS_MOVE = YES;
				CLANG_WARN_UNGUARDED_AVAILABILITY = YES_AGGRESSIVE;
				CLANG_WARN_UNREACHABLE_CODE = YES;
				CLANG_WARN__DUPLICATE_METHOD_MATCH = YES;
				COPY_PHASE_STRIP = NO;
				DEBUG_INFORMATION_FORMAT = "dwarf-with-dsym";
				ENABLE_NS_ASSERTIONS = NO;
				ENABLE_STRICT_OBJC_MSGSEND = YES;
				GCC_C_LANGUAGE_STANDARD = gnu11;
				GCC_NO_COMMON_BLOCKS = YES;
				GCC_WARN_64_TO_32_BIT_CONVERSION = YES;
				GCC_WARN_ABOUT_RETURN_TYPE = YES_ERROR;
				GCC_WARN_UNDECLARED_SELECTOR = YES;
				GCC_WARN_UNINITIALIZED_AUTOS = YES_AGGRESSIVE;
				GCC_WARN_UNUSED_FUNCTION = YES;
				GCC_WARN_UNUSED_VARIABLE = YES;
				IPHONEOS_DEPLOYMENT_TARGET = 13.2;
				MTL_ENABLE_DEBUG_INFO = NO;
				MTL_FAST_MATH = YES;
				SDKROOT = iphoneos;
				SWIFT_COMPILATION_MODE = wholemodule;
				SWIFT_OPTIMIZATION_LEVEL = "-O";
				VALIDATE_PRODUCT = YES;
			};
			name = Release;
		};
		123C720F23D31F8600420C92 /* Debug */ = {
			isa = XCBuildConfiguration;
			buildSettings = {
				ASSETCATALOG_COMPILER_APPICON_NAME = AppIcon;
				CODE_SIGN_STYLE = Automatic;
				DEVELOPMENT_TEAM = Y4TMPKNB88;
				INFOPLIST_FILE = teste_acc/Info.plist;
				IPHONEOS_DEPLOYMENT_TARGET = 10.2;
				LD_RUNPATH_SEARCH_PATHS = (
					"$(inherited)",
					"@executable_path/Frameworks",
				);
				PRODUCT_BUNDLE_IDENTIFIER = "alex.czny-app";
				PRODUCT_NAME = "$(TARGET_NAME)";
				SWIFT_VERSION = 5.0;
				TARGETED_DEVICE_FAMILY = 1;
			};
			name = Debug;
		};
		123C721023D31F8600420C92 /* Release */ = {
			isa = XCBuildConfiguration;
			buildSettings = {
				ASSETCATALOG_COMPILER_APPICON_NAME = AppIcon;
				CODE_SIGN_STYLE = Automatic;
				DEVELOPMENT_TEAM = Y4TMPKNB88;
				INFOPLIST_FILE = teste_acc/Info.plist;
				IPHONEOS_DEPLOYMENT_TARGET = 10.2;
				LD_RUNPATH_SEARCH_PATHS = (
					"$(inherited)",
					"@executable_path/Frameworks",
				);
				PRODUCT_BUNDLE_IDENTIFIER = "alex.czny-app";
				PRODUCT_NAME = "$(TARGET_NAME)";
				SWIFT_VERSION = 5.0;
				TARGETED_DEVICE_FAMILY = 1;
			};
			name = Release;
		};
/* End XCBuildConfiguration section */

/* Begin XCConfigurationList section */
		123C71F223D31F8300420C92 /* Build configuration list for PBXProject "teste_acc" */ = {
			isa = XCConfigurationList;
			buildConfigurations = (
				123C720C23D31F8600420C92 /* Debug */,
				123C720D23D31F8600420C92 /* Release */,
			);
			defaultConfigurationIsVisible = 0;
			defaultConfigurationName = Release;
		};
		123C720E23D31F8600420C92 /* Build configuration list for PBXNativeTarget "teste_acc" */ = {
			isa = XCConfigurationList;
			buildConfigurations = (
				123C720F23D31F8600420C92 /* Debug */,
				123C721023D31F8600420C92 /* Release */,
			);
			defaultConfigurationIsVisible = 0;
			defaultConfigurationName = Release;
		};
/* End XCConfigurationList section */

/* Begin XCVersionGroup section */
		123C720323D31F8400420C92 /* teste_acc.xcdatamodeld */ = {
			isa = XCVersionGroup;
			children = (
				123C720423D31F8400420C92 /* teste_acc.xcdatamodel */,
			);
			currentVersion = 123C720423D31F8400420C92 /* teste_acc.xcdatamodel */;
			path = teste_acc.xcdatamodeld;
			sourceTree = "<group>";
			versionGroupType = wrapper.xcdatamodel;
		};
/* End XCVersionGroup section */
	};
	rootObject = 123C71EF23D31F8300420C92 /* Project object */;
}
